
Microsoft Visual Studio Solution File, Format Version 12.00
# Visual Studio 2013
VisualStudioVersion = 12.0.21005.1
MinimumVisualStudioVersion = 10.0.40219.1
Project("{FAE04EC0-301F-11D3-BF4B-00C04F79EFBC}") = "FilmsTranslator.Main", "FilmsTranslator.Main\FilmsTranslator.Main.csproj", "{4FF8B429-D258-414E-9E0E-F0E61FA7EEBC}"
EndProject
Project("{FAE04EC0-301F-11D3-BF4B-00C04F79EFBC}") = "FilmsTranslator.Proxy", "FilmsTranslator.Proxy\FilmsTranslator.Proxy.csproj", "{4DBEA262-B11E-4572-8FC4-FC659EA59255}"
EndProject
Global
	GlobalSection(SolutionConfigurationPlatforms) = preSolution
		Debug|Any CPU = Debug|Any CPU
		Debug|x64 = Debug|x64
		Debug|x86 = Debug|x86
		Release|Any CPU = Release|Any CPU
		Release|x64 = Release|x64
		Release|x86 = Release|x86
	EndGlobalSection
	GlobalSection(ProjectConfigurationPlatforms) = postSolution
		{4FF8B429-D258-414E-9E0E-F0E61FA7EEBC}.Debug|Any CPU.ActiveCfg = Debug|Any CPU
		{4FF8B429-D258-414E-9E0E-F0E61FA7EEBC}.Debug|Any CPU.Build.0 = Debug|Any CPU
		{4FF8B429-D258-414E-9E0E-F0E61FA7EEBC}.Debug|x64.ActiveCfg = Debug|x64
		{4FF8B429-D258-414E-9E0E-F0E61FA7EEBC}.Debug|x64.Build.0 = Debug|x64
		{4FF8B429-D258-414E-9E0E-F0E61FA7EEBC}.Debug|x86.ActiveCfg = Debug|x86
		{4FF8B429-D258-414E-9E0E-F0E61FA7EEBC}.Debug|x86.Build.0 = Debug|x86
		{4FF8B429-D258-414E-9E0E-F0E61FA7EEBC}.Release|Any CPU.ActiveCfg = Release|Any CPU
		{4FF8B429-D258-414E-9E0E-F0E61FA7EEBC}.Release|Any CPU.Build.0 = Release|Any CPU
		{4FF8B429-D258-414E-9E0E-F0E61FA7EEBC}.Release|x64.ActiveCfg = Release|x64
		{4FF8B429-D258-414E-9E0E-F0E61FA7EEBC}.Release|x64.Build.0 = Release|x64
		{4FF8B429-D258-414E-9E0E-F0E61FA7EEBC}.Release|x86.ActiveCfg = Release|x86
		{4FF8B429-D258-414E-9E0E-F0E61FA7EEBC}.Release|x86.Build.0 = Release|x86
		{4DBEA262-B11E-4572-8FC4-FC659EA59255}.Debug|Any CPU.ActiveCfg = Debug|Any CPU
		{4DBEA262-B11E-4572-8FC4-FC659EA59255}.Debug|Any CPU.Build.0 = Debug|Any CPU
		{4DBEA262-B11E-4572-8FC4-FC659EA59255}.Debug|x64.ActiveCfg = Debug|x64
		{4DBEA262-B11E-4572-8FC4-FC659EA59255}.Debug|x64.Build.0 = Debug|x64
		{4DBEA262-B11E-4572-8FC4-FC659EA59255}.Debug|x86.ActiveCfg = Debug|x86
		{4DBEA262-B11E-4572-8FC4-FC659EA59255}.Debug|x86.Build.0 = Debug|x86
		{4DBEA262-B11E-4572-8FC4-FC659EA59255}.Release|Any CPU.ActiveCfg = Release|Any CPU
		{4DBEA262-B11E-4572-8FC4-FC659EA59255}.Release|Any CPU.Build.0 = Release|Any CPU
		{4DBEA262-B11E-4572-8FC4-FC659EA59255}.Release|x64.ActiveCfg = Release|x64
		{4DBEA262-B11E-4572-8FC4-FC659EA59255}.Release|x64.Build.0 = Release|x64
		{4DBEA262-B11E-4572-8FC4-FC659EA59255}.Release|x86.ActiveCfg = Release|x86
		{4DBEA262-B11E-4572-8FC4-FC659EA59255}.Release|x86.Build.0 = Release|x86
	EndGlobalSection
	GlobalSection(SolutionProperties) = preSolution
		HideSolutionNode = FALSE
	EndGlobalSection
EndGlobal
